
Microsoft Visual Studio Solution File, Format Version 12.00
# Visual Studio 15
VisualStudioVersion = 15.0.28307.102
MinimumVisualStudioVersion = 10.0.40219.1
Project("{FAE04EC0-301F-11D3-BF4B-00C04F79EFBC}") = "ListPLaylistV2", "ListPLaylistV2\ListPLaylistV2.csproj", "{71D64FE4-A8F1-4709-9DE2-1CBB3FC0B31D}"
EndProject
Global
	GlobalSection(SolutionConfigurationPlatforms) = preSolution
		Debug|Any CPU = Debug|Any CPU
		Release|Any CPU = Release|Any CPU
	EndGlobalSection
	GlobalSection(ProjectConfigurationPlatforms) = postSolution
		{71D64FE4-A8F1-4709-9DE2-1CBB3FC0B31D}.Debug|Any CPU.ActiveCfg = Debug|Any CPU
		{71D64FE4-A8F1-4709-9DE2-1CBB3FC0B31D}.Debug|Any CPU.Build.0 = Debug|Any CPU
		{71D64FE4-A8F1-4709-9DE2-1CBB3FC0B31D}.Release|Any CPU.ActiveCfg = Release|Any CPU
		{71D64FE4-A8F1-4709-9DE2-1CBB3FC0B31D}.Release|Any CPU.Build.0 = Release|Any CPU
	EndGlobalSection
	GlobalSection(SolutionProperties) = preSolution
		HideSolutionNode = FALSE
	EndGlobalSection
	GlobalSection(ExtensibilityGlobals) = postSolution
		SolutionGuid = {761070D3-287D-450F-BB6F-45F0DB62E840}
	EndGlobalSection
EndGlobal
